
Microsoft Visual Studio Solution File, Format Version 12.00
# Visual Studio Version 17
VisualStudioVersion = 17.9.34414.90
MinimumVisualStudioVersion = 10.0.40219.1
Project("{FAE04EC0-301F-11D3-BF4B-00C04F79EFBC}") = "RealEstate_Dapper_Api", "RealEstate_Dapper_Api\RealEstate_Dapper_Api.csproj", "{EA03AA45-C355-462A-ACB7-09A205ADA17B}"
EndProject
Project("{FAE04EC0-301F-11D3-BF4B-00C04F79EFBC}") = "RealEstate_Dapper_UI", "RealEstate_Dapper_UI\RealEstate_Dapper_UI.csproj", "{D9436911-3666-4BB5-8FD4-2BAE84421D67}"
EndProject
Global
	GlobalSection(SolutionConfigurationPlatforms) = preSolution
		Debug|Any CPU = Debug|Any CPU
		Release|Any CPU = Release|Any CPU
	EndGlobalSection
	GlobalSection(ProjectConfigurationPlatforms) = postSolution
		{EA03AA45-C355-462A-ACB7-09A205ADA17B}.Debug|Any CPU.ActiveCfg = Debug|Any CPU
		{EA03AA45-C355-462A-ACB7-09A205ADA17B}.Debug|Any CPU.Build.0 = Debug|Any CPU
		{EA03AA45-C355-462A-ACB7-09A205ADA17B}.Release|Any CPU.ActiveCfg = Release|Any CPU
		{EA03AA45-C355-462A-ACB7-09A205ADA17B}.Release|Any CPU.Build.0 = Release|Any CPU
		{D9436911-3666-4BB5-8FD4-2BAE84421D67}.Debug|Any CPU.ActiveCfg = Debug|Any CPU
		{D9436911-3666-4BB5-8FD4-2BAE84421D67}.Debug|Any CPU.Build.0 = Debug|Any CPU
		{D9436911-3666-4BB5-8FD4-2BAE84421D67}.Release|Any CPU.ActiveCfg = Release|Any CPU
		{D9436911-3666-4BB5-8FD4-2BAE84421D67}.Release|Any CPU.Build.0 = Release|Any CPU
	EndGlobalSection
	GlobalSection(SolutionProperties) = preSolution
		HideSolutionNode = FALSE
	EndGlobalSection
	GlobalSection(ExtensibilityGlobals) = postSolution
		SolutionGuid = {16DB9A12-1325-4704-B56F-28D6E950826F}
	EndGlobalSection
EndGlobal
